
Microsoft Visual Studio Solution File, Format Version 12.00
# Visual Studio Version 17
VisualStudioVersion = 17.9.34622.214
MinimumVisualStudioVersion = 10.0.40219.1
Project("{FAE04EC0-301F-11D3-BF4B-00C04F79EFBC}") = "ProducerConsumerMVVM", "ProducerConsumerMVVM\ProducerConsumerMVVM.csproj", "{01CAB338-1A8C-4DD2-91F2-66D89DA1729B}"
EndProject
Global
	GlobalSection(SolutionConfigurationPlatforms) = preSolution
		Debug|Any CPU = Debug|Any CPU
		Release|Any CPU = Release|Any CPU
	EndGlobalSection
	GlobalSection(ProjectConfigurationPlatforms) = postSolution
		{01CAB338-1A8C-4DD2-91F2-66D89DA1729B}.Debug|Any CPU.ActiveCfg = Debug|Any CPU
		{01CAB338-1A8C-4DD2-91F2-66D89DA1729B}.Debug|Any CPU.Build.0 = Debug|Any CPU
		{01CAB338-1A8C-4DD2-91F2-66D89DA1729B}.Release|Any CPU.ActiveCfg = Release|Any CPU
		{01CAB338-1A8C-4DD2-91F2-66D89DA1729B}.Release|Any CPU.Build.0 = Release|Any CPU
	EndGlobalSection
	GlobalSection(SolutionProperties) = preSolution
		HideSolutionNode = FALSE
	EndGlobalSection
	GlobalSection(ExtensibilityGlobals) = postSolution
		SolutionGuid = {1FE4F68E-A790-483C-B895-151B7562C5B2}
	EndGlobalSection
EndGlobal
